
Microsoft Visual Studio Solution File, Format Version 12.00
# Visual Studio Version 17
VisualStudioVersion = 17.8.34330.188
MinimumVisualStudioVersion = 10.0.40219.1
Project("{FAE04EC0-301F-11D3-BF4B-00C04F79EFBC}") = "praktik12", "praktik12.csproj", "{E9EC00B6-7654-4FFA-952D-2710D8093923}"
EndProject
Global
	GlobalSection(SolutionConfigurationPlatforms) = preSolution
		Debug|Any CPU = Debug|Any CPU
		Release|Any CPU = Release|Any CPU
	EndGlobalSection
	GlobalSection(ProjectConfigurationPlatforms) = postSolution
		{E9EC00B6-7654-4FFA-952D-2710D8093923}.Debug|Any CPU.ActiveCfg = Debug|Any CPU
		{E9EC00B6-7654-4FFA-952D-2710D8093923}.Debug|Any CPU.Build.0 = Debug|Any CPU
		{E9EC00B6-7654-4FFA-952D-2710D8093923}.Release|Any CPU.ActiveCfg = Release|Any CPU
		{E9EC00B6-7654-4FFA-952D-2710D8093923}.Release|Any CPU.Build.0 = Release|Any CPU
	EndGlobalSection
	GlobalSection(SolutionProperties) = preSolution
		HideSolutionNode = FALSE
	EndGlobalSection
	GlobalSection(ExtensibilityGlobals) = postSolution
		SolutionGuid = {723C2845-27AA-46CF-BDC5-40FD64BEF8E6}
	EndGlobalSection
EndGlobal
